<?xml version="1.0" encoding="utf-8"?>
<Project ToolsVersion="4.0" xmlns="http://schemas.microsoft.com/developer/msbuild/2003">
  <ItemGroup>
    <ClCompile Include="IShape.cpp">
      <Filter>Source files</Filter>
    </ClCompile>
    <ClCompile Include="CLineSegment.cpp">
      <Filter>Source files</Filter>
    </ClCompile>
    <ClCompile Include="CTriangle.cpp">
      <Filter>Source files</Filter>
    </ClCompile>
    <ClCompile Include="main.cpp" />
    <ClCompile Include="stdafx.cpp" />
    <ClCompile Include="CCircle.cpp">
      <Filter>Source files</Filter>
    </ClCompile>
    <ClCompile Include="CShapesController.cpp">
      <Filter>Source files</Filter>
    </ClCompile>
    <ClCompile Include="CRectangle.cpp">
      <Filter>Source files</Filter>
    </ClCompile>
    <ClCompile Include="СShape.cpp">
      <Filter>Source files</Filter>
    </ClCompile>
    <ClCompile Include="CSolidShape.cpp">
      <Filter>Source files</Filter>
    </ClCompile>
  </ItemGroup>
  <ItemGroup>
    <ClInclude Include="IShape.h">
      <Filter>Header files</Filter>
    </ClInclude>
    <ClInclude Include="CLineSegment.h">
      <Filter>Header files</Filter>
    </ClInclude>
    <ClInclude Include="CTriangle.h">
      <Filter>Header files</Filter>
    </ClInclude>
    <ClInclude Include="stdafx.h" />
    <ClInclude Include="targetver.h" />
    <ClInclude Include="Point.h">
      <Filter>Header files</Filter>
    </ClInclude>
    <ClInclude Include="GeometricFunctions.h">
      <Filter>Header files</Filter>
    </ClInclude>
    <ClInclude Include="CCircle.h">
      <Filter>Header files</Filter>
    </ClInclude>
    <ClInclude Include="CShapesController.h">
      <Filter>Header files</Filter>
    </ClInclude>
    <ClInclude Include="CRectangle.h">
      <Filter>Header files</Filter>
    </ClInclude>
    <ClInclude Include="FindMaxEx.h">
      <Filter>Header files</Filter>
    </ClInclude>
    <ClInclude Include="CShape.h">
      <Filter>Header files</Filter>
    </ClInclude>
    <ClInclude Include="CSolidShape.h">
      <Filter>Header files</Filter>
    </ClInclude>
  </ItemGroup>
  <ItemGroup>
    <Text Include="ReadMe.txt" />
  </ItemGroup>
  <ItemGroup>
    <Filter Include="Header files">
      <UniqueIdentifier>{af5d3261-9036-4b6a-86cb-8f16c2ae4f28}</UniqueIdentifier>
    </Filter>
    <Filter Include="Source files">
      <UniqueIdentifier>{f005a145-4984-4461-8730-fc71a5a20fb0}</UniqueIdentifier>
    </Filter>
  </ItemGroup>
</Project>